
Microsoft Visual Studio Solution File, Format Version 12.00
# Visual Studio Version 16
VisualStudioVersion = 16.0.31702.278
MinimumVisualStudioVersion = 10.0.40219.1
Project("{FAE04EC0-301F-11D3-BF4B-00C04F79EFBC}") = "SwimApp", "SwimApp\SwimApp.csproj", "{404128A0-F037-4075-87F0-494765BF37FD}"
EndProject
Global
	GlobalSection(SolutionConfigurationPlatforms) = preSolution
		Debug|Any CPU = Debug|Any CPU
		Release|Any CPU = Release|Any CPU
	EndGlobalSection
	GlobalSection(ProjectConfigurationPlatforms) = postSolution
		{404128A0-F037-4075-87F0-494765BF37FD}.Debug|Any CPU.ActiveCfg = Debug|Any CPU
		{404128A0-F037-4075-87F0-494765BF37FD}.Debug|Any CPU.Build.0 = Debug|Any CPU
		{404128A0-F037-4075-87F0-494765BF37FD}.Release|Any CPU.ActiveCfg = Release|Any CPU
		{404128A0-F037-4075-87F0-494765BF37FD}.Release|Any CPU.Build.0 = Release|Any CPU
	EndGlobalSection
	GlobalSection(SolutionProperties) = preSolution
		HideSolutionNode = FALSE
	EndGlobalSection
	GlobalSection(ExtensibilityGlobals) = postSolution
		SolutionGuid = {0050E306-B7F5-4CDD-9C45-4C4460FB9306}
	EndGlobalSection
EndGlobal
